{
  "name": "ts-modular-bot-addon-events",
  "version": "1.0.0",
  "lockfileVersion": 2,
  "requires": true,
  "packages": {
    "": {
      "name": "ts-modular-bot-addon-events",
      "version": "1.0.0",
      "license": "ISC",
      "dependencies": {
        "ts-logger": "github:therealemissions/ts-logger",
        "ts-modular-bot-file-design": "github:therealemissions/ts-modular-bot-file-design",
        "ts-modular-bot-types": "github:therealemissions/ts-modular-bot-types"
      }
    },
    "node_modules/chalk": {
      "version": "5.2.0",
      "resolved": "https://registry.npmjs.org/chalk/-/chalk-5.2.0.tgz",
      "integrity": "sha512-ree3Gqw/nazQAPuJJEy+avdl7QfZMcUvmHIKgEZkGL+xOBzRvup5Hxo6LHuMceSxOabuJLJm5Yp/92R9eMmMvA==",
      "engines": {
        "node": "^12.17.0 || ^14.13 || >=16.0.0"
      },
      "funding": {
        "url": "https://github.com/chalk/chalk?sponsor=1"
      }
    },
    "node_modules/reflect-metadata": {
      "version": "0.1.13",
      "resolved": "https://registry.npmjs.org/reflect-metadata/-/reflect-metadata-0.1.13.tgz",
      "integrity": "sha512-Ts1Y/anZELhSsjMcU605fU9RE4Oi3p5ORujwbIKXfWa+0Zxs510Qrmrce5/Jowq3cHSZSJqBjypxmHarc+vEWg=="
    },
    "node_modules/ts-logger": {
      "version": "1.0.0",
      "resolved": "git+ssh://git@github.com/therealemissions/ts-logger.git#5bd01770f15463ec9f805f454c7fee08c3811471",
      "license": "ISC",
      "dependencies": {
        "chalk": "^5.2.0"
      }
    },
    "node_modules/ts-modular-bot-file-design": {
      "version": "1.0.0",
      "resolved": "git+ssh://git@github.com/therealemissions/ts-modular-bot-file-design.git#de6cf916c1f81588d649954adf12fd6bd896e037",
      "license": "ISC",
      "dependencies": {
        "ts-modular-bot-types": "github:therealemissions/ts-modular-bot-types"
      }
    },
    "node_modules/ts-modular-bot-types": {
      "version": "1.0.1",
      "resolved": "git+ssh://git@github.com/therealemissions/ts-modular-bot-types.git#df836a58dc831af4edfe2913903eea3092c52613",
      "license": "ISC",
      "dependencies": {
        "reflect-metadata": "^0.1.13",
        "ts-modular-bot-file-design": "github:therealemissions/ts-modular-bot-file-design"
      }
    }
  },
  "dependencies": {
    "chalk": {
      "version": "5.2.0",
      "resolved": "https://registry.npmjs.org/chalk/-/chalk-5.2.0.tgz",
      "integrity": "sha512-ree3Gqw/nazQAPuJJEy+avdl7QfZMcUvmHIKgEZkGL+xOBzRvup5Hxo6LHuMceSxOabuJLJm5Yp/92R9eMmMvA=="
    },
    "reflect-metadata": {
      "version": "0.1.13",
      "resolved": "https://registry.npmjs.org/reflect-metadata/-/reflect-metadata-0.1.13.tgz",
      "integrity": "sha512-Ts1Y/anZELhSsjMcU605fU9RE4Oi3p5ORujwbIKXfWa+0Zxs510Qrmrce5/Jowq3cHSZSJqBjypxmHarc+vEWg=="
    },
    "ts-logger": {
      "version": "git+ssh://git@github.com/therealemissions/ts-logger.git#5bd01770f15463ec9f805f454c7fee08c3811471",
      "from": "ts-logger@github:therealemissions/ts-logger",
      "requires": {
        "chalk": "^5.2.0"
      }
    },
    "ts-modular-bot-file-design": {
      "version": "git+ssh://git@github.com/therealemissions/ts-modular-bot-file-design.git#de6cf916c1f81588d649954adf12fd6bd896e037",
      "from": "ts-modular-bot-file-design@github:therealemissions/ts-modular-bot-file-design",
      "requires": {
        "ts-modular-bot-types": "github:therealemissions/ts-modular-bot-types"
      }
    },
    "ts-modular-bot-types": {
      "version": "git+ssh://git@github.com/therealemissions/ts-modular-bot-types.git#df836a58dc831af4edfe2913903eea3092c52613",
      "from": "ts-modular-bot-types@github:therealemissions/ts-modular-bot-types",
      "requires": {
        "reflect-metadata": "^0.1.13",
        "ts-modular-bot-file-design": "github:therealemissions/ts-modular-bot-file-design"
      }
    }
  }
}
